<?xml version="1.0" encoding="utf-8"?>
<Project ToolsVersion="4.0" xmlns="http://schemas.microsoft.com/developer/msbuild/2003">
  <ItemGroup>
    <Filter Include="Source Files">
      <UniqueIdentifier>{03ba4dba-3344-41b6-b020-af0e6c9a74dc}</UniqueIdentifier>
    </Filter>
    <Filter Include="Header Files">
      <UniqueIdentifier>{2f180611-7572-4aea-b7ff-0cf9ccd7801e}</UniqueIdentifier>
    </Filter>
  </ItemGroup>
  <ItemGroup>
    <ClCompile Include="..\src\main.cpp">
      <Filter>Source Files</Filter>
    </ClCompile>
  </ItemGroup>
  <ItemGroup>
    <ClInclude Include="..\src\glfwapp.h">
      <Filter>Header Files</Filter>
    </ClInclude>
    <ClInclude Include="..\src\time.h">
      <Filter>Header Files</Filter>
    </ClInclude>
  </ItemGroup>
</Project>